// !$*UTF8*$!
{
	archiveVersion = 1;
	classes = {
	};
	objectVersion = 48;
	objects = {

/* Begin PBXBuildFile section */
		D086F96A20496E6800D5490E /* AppDelegate.swift in Sources */ = {isa = PBXBuildFile; fileRef = D086F96920496E6800D5490E /* AppDelegate.swift */; };
		D086F96F20496E6800D5490E /* Main.storyboard in Resources */ = {isa = PBXBuildFile; fileRef = D086F96D20496E6800D5490E /* Main.storyboard */; };
		D086F97120496E6800D5490E /* Assets.xcassets in Resources */ = {isa = PBXBuildFile; fileRef = D086F97020496E6800D5490E /* Assets.xcassets */; };
		D086F97420496E6800D5490E /* LaunchScreen.storyboard in Resources */ = {isa = PBXBuildFile; fileRef = D086F97220496E6800D5490E /* LaunchScreen.storyboard */; };
		D086F97E20496F1400D5490E /* VisionToyViewController.swift in Sources */ = {isa = PBXBuildFile; fileRef = D086F97D20496F1400D5490E /* VisionToyViewController.swift */; };
		D086F9802049714E00D5490E /* ClassificationTableViewCell.swift in Sources */ = {isa = PBXBuildFile; fileRef = D086F97F2049714E00D5490E /* ClassificationTableViewCell.swift */; };
		D086F982204972E300D5490E /* Classification.swift in Sources */ = {isa = PBXBuildFile; fileRef = D086F981204972E300D5490E /* Classification.swift */; };
		D086F9842049730700D5490E /* ProgressViewFromCenter.swift in Sources */ = {isa = PBXBuildFile; fileRef = D086F9832049730600D5490E /* ProgressViewFromCenter.swift */; };
		D086F9862049775000D5490E /* TTSMachine.swift in Sources */ = {isa = PBXBuildFile; fileRef = D086F9852049775000D5490E /* TTSMachine.swift */; };
		D086F9882049779C00D5490E /* Inceptionv3.mlmodel in Sources */ = {isa = PBXBuildFile; fileRef = D086F9872049779C00D5490E /* Inceptionv3.mlmodel */; };
		D086F98A2049910400D5490E /* BlurredBackgroundButton.swift in Sources */ = {isa = PBXBuildFile; fileRef = D086F9892049910400D5490E /* BlurredBackgroundButton.swift */; };
/* End PBXBuildFile section */

/* Begin PBXFileReference section */
		D086F96620496E6800D5490E /* VisionToy.app */ = {isa = PBXFileReference; explicitFileType = wrapper.application; includeInIndex = 0; path = VisionToy.app; sourceTree = BUILT_PRODUCTS_DIR; };
		D086F96920496E6800D5490E /* AppDelegate.swift */ = {isa = PBXFileReference; lastKnownFileType = sourcecode.swift; path = AppDelegate.swift; sourceTree = "<group>"; };
		D086F96E20496E6800D5490E /* Base */ = {isa = PBXFileReference; lastKnownFileType = file.storyboard; name = Base; path = Base.lproj/Main.storyboard; sourceTree = "<group>"; };
		D086F97020496E6800D5490E /* Assets.xcassets */ = {isa = PBXFileReference; lastKnownFileType = folder.assetcatalog; path = Assets.xcassets; sourceTree = "<group>"; };
		D086F97320496E6800D5490E /* Base */ = {isa = PBXFileReference; lastKnownFileType = file.storyboard; name = Base; path = Base.lproj/LaunchScreen.storyboard; sourceTree = "<group>"; };
		D086F97520496E6800D5490E /* Info.plist */ = {isa = PBXFileReference; lastKnownFileType = text.plist.xml; path = Info.plist; sourceTree = "<group>"; };
		D086F97D20496F1400D5490E /* VisionToyViewController.swift */ = {isa = PBXFileReference; lastKnownFileType = sourcecode.swift; path = VisionToyViewController.swift; sourceTree = "<group>"; };
		D086F97F2049714E00D5490E /* ClassificationTableViewCell.swift */ = {isa = PBXFileReference; lastKnownFileType = sourcecode.swift; path = ClassificationTableViewCell.swift; sourceTree = "<group>"; };
		D086F981204972E300D5490E /* Classification.swift */ = {isa = PBXFileReference; lastKnownFileType = sourcecode.swift; path = Classification.swift; sourceTree = "<group>"; };
		D086F9832049730600D5490E /* ProgressViewFromCenter.swift */ = {isa = PBXFileReference; lastKnownFileType = sourcecode.swift; path = ProgressViewFromCenter.swift; sourceTree = "<group>"; };
		D086F9852049775000D5490E /* TTSMachine.swift */ = {isa = PBXFileReference; lastKnownFileType = sourcecode.swift; path = TTSMachine.swift; sourceTree = "<group>"; };
		D086F9872049779C00D5490E /* Inceptionv3.mlmodel */ = {isa = PBXFileReference; lastKnownFileType = file.mlmodel; path = Inceptionv3.mlmodel; sourceTree = "<group>"; };
		D086F9892049910400D5490E /* BlurredBackgroundButton.swift */ = {isa = PBXFileReference; lastKnownFileType = sourcecode.swift; path = BlurredBackgroundButton.swift; sourceTree = "<group>"; };
/* End PBXFileReference section */

/* Begin PBXFrameworksBuildPhase section */
		D086F96320496E6800D5490E /* Frameworks */ = {
			isa = PBXFrameworksBuildPhase;
			buildActionMask = 2147483647;
			files = (
			);
			runOnlyForDeploymentPostprocessing = 0;
		};
/* End PBXFrameworksBuildPhase section */

/* Begin PBXGroup section */
		D086F95D20496E6800D5490E = {
			isa = PBXGroup;
			children = (
				D086F96820496E6800D5490E /* VisionToy */,
				D086F96720496E6800D5490E /* Products */,
			);
			sourceTree = "<group>";
		};
		D086F96720496E6800D5490E /* Products */ = {
			isa = PBXGroup;
			children = (
				D086F96620496E6800D5490E /* VisionToy.app */,
			);
			name = Products;
			sourceTree = "<group>";
		};
		D086F96820496E6800D5490E /* VisionToy */ = {
			isa = PBXGroup;
			children = (
				D086F96920496E6800D5490E /* AppDelegate.swift */,
				D086F96D20496E6800D5490E /* Main.storyboard */,
				D086F97020496E6800D5490E /* Assets.xcassets */,
				D086F97220496E6800D5490E /* LaunchScreen.storyboard */,
				D086F97520496E6800D5490E /* Info.plist */,
				D086F97D20496F1400D5490E /* VisionToyViewController.swift */,
				D086F97F2049714E00D5490E /* ClassificationTableViewCell.swift */,
				D086F981204972E300D5490E /* Classification.swift */,
				D086F9832049730600D5490E /* ProgressViewFromCenter.swift */,
				D086F9852049775000D5490E /* TTSMachine.swift */,
				D086F9872049779C00D5490E /* Inceptionv3.mlmodel */,
				D086F9892049910400D5490E /* BlurredBackgroundButton.swift */,
			);
			path = VisionToy;
			sourceTree = "<group>";
		};
/* End PBXGroup section */

/* Begin PBXNativeTarget section */
		D086F96520496E6800D5490E /* VisionToy */ = {
			isa = PBXNativeTarget;
			buildConfigurationList = D086F97820496E6800D5490E /* Build configuration list for PBXNativeTarget "VisionToy" */;
			buildPhases = (
				D086F96220496E6800D5490E /* Sources */,
				D086F96320496E6800D5490E /* Frameworks */,
				D086F96420496E6800D5490E /* Resources */,
			);
			buildRules = (
			);
			dependencies = (
			);
			name = VisionToy;
			productName = VisionToy;
			productReference = D086F96620496E6800D5490E /* VisionToy.app */;
			productType = "com.apple.product-type.application";
		};
/* End PBXNativeTarget section */

/* Begin PBXProject section */
		D086F95E20496E6800D5490E /* Project object */ = {
			isa = PBXProject;
			attributes = {
				LastSwiftUpdateCheck = 0920;
				LastUpgradeCheck = 0920;
				ORGANIZATIONNAME = "Pedro Vasconcelos";
				TargetAttributes = {
					D086F96520496E6800D5490E = {
						CreatedOnToolsVersion = 9.2;
						ProvisioningStyle = Automatic;
					};
				};
			};
			buildConfigurationList = D086F96120496E6800D5490E /* Build configuration list for PBXProject "VisionToy" */;
			compatibilityVersion = "Xcode 8.0";
			developmentRegion = en;
			hasScannedForEncodings = 0;
			knownRegions = (
				en,
				Base,
			);
			mainGroup = D086F95D20496E6800D5490E;
			productRefGroup = D086F96720496E6800D5490E /* Products */;
			projectDirPath = "";
			projectRoot = "";
			targets = (
				D086F96520496E6800D5490E /* VisionToy */,
			);
		};
/* End PBXProject section */

/* Begin PBXResourcesBuildPhase section */
		D086F96420496E6800D5490E /* Resources */ = {
			isa = PBXResourcesBuildPhase;
			buildActionMask = 2147483647;
			files = (
				D086F97420496E6800D5490E /* LaunchScreen.storyboard in Resources */,
				D086F97120496E6800D5490E /* Assets.xcassets in Resources */,
				D086F96F20496E6800D5490E /* Main.storyboard in Resources */,
			);
			runOnlyForDeploymentPostprocessing = 0;
		};
/* End PBXResourcesBuildPhase section */

/* Begin PBXSourcesBuildPhase section */
		D086F96220496E6800D5490E /* Sources */ = {
			isa = PBXSourcesBuildPhase;
			buildActionMask = 2147483647;
			files = (
				D086F9862049775000D5490E /* TTSMachine.swift in Sources */,
				D086F96A20496E6800D5490E /* AppDelegate.swift in Sources */,
				D086F9842049730700D5490E /* ProgressViewFromCenter.swift in Sources */,
				D086F9802049714E00D5490E /* ClassificationTableViewCell.swift in Sources */,
				D086F98A2049910400D5490E /* BlurredBackgroundButton.swift in Sources */,
				D086F9882049779C00D5490E /* Inceptionv3.mlmodel in Sources */,
				D086F97E20496F1400D5490E /* VisionToyViewController.swift in Sources */,
				D086F982204972E300D5490E /* Classification.swift in Sources */,
			);
			runOnlyForDeploymentPostprocessing = 0;
		};
/* End PBXSourcesBuildPhase section */

/* Begin PBXVariantGroup section */
		D086F96D20496E6800D5490E /* Main.storyboard */ = {
			isa = PBXVariantGroup;
			children = (
				D086F96E20496E6800D5490E /* Base */,
			);
			name = Main.storyboard;
			sourceTree = "<group>";
		};
		D086F97220496E6800D5490E /* LaunchScreen.storyboard */ = {
			isa = PBXVariantGroup;
			children = (
				D086F97320496E6800D5490E /* Base */,
			);
			name = LaunchScreen.storyboard;
			sourceTree = "<group>";
		};
/* End PBXVariantGroup section */

/* Begin XCBuildConfiguration section */
		D086F97620496E6800D5490E /* Debug */ = {
			isa = XCBuildConfiguration;
			buildSettings = {
				ALWAYS_SEARCH_USER_PATHS = NO;
				CLANG_ANALYZER_NONNULL = YES;
				CLANG_ANALYZER_NUMBER_OBJECT_CONVERSION = YES_AGGRESSIVE;
				CLANG_CXX_LANGUAGE_STANDARD = "gnu++14";
				CLANG_CXX_LIBRARY = "libc++";
				CLANG_ENABLE_MODULES = YES;
				CLANG_ENABLE_OBJC_ARC = YES;
				CLANG_WARN_BLOCK_CAPTURE_AUTORELEASING = YES;
				CLANG_WARN_BOOL_CONVERSION = YES;
				CLANG_WARN_COMMA = YES;
				CLANG_WARN_CONSTANT_CONVERSION = YES;
				CLANG_WARN_DIRECT_OBJC_ISA_USAGE = YES_ERROR;
				CLANG_WARN_DOCUMENTATION_COMMENTS = YES;
				CLANG_WARN_EMPTY_BODY = YES;
				CLANG_WARN_ENUM_CONVERSION = YES;
				CLANG_WARN_INFINITE_RECURSION = YES;
				CLANG_WARN_INT_CONVERSION = YES;
				CLANG_WARN_NON_LITERAL_NULL_CONVERSION = YES;
				CLANG_WARN_OBJC_LITERAL_CONVERSION = YES;
				CLANG_WARN_OBJC_ROOT_CLASS = YES_ERROR;
				CLANG_WARN_RANGE_LOOP_ANALYSIS = YES;
				CLANG_WARN_STRICT_PROTOTYPES = YES;
				CLANG_WARN_SUSPICIOUS_MOVE = YES;
				CLANG_WARN_UNGUARDED_AVAILABILITY = YES_AGGRESSIVE;
				CLANG_WARN_UNREACHABLE_CODE = YES;
				CLANG_WARN__DUPLICATE_METHOD_MATCH = YES;
				CODE_SIGN_IDENTITY = "iPhone Developer";
				COPY_PHASE_STRIP = NO;
				DEBUG_INFORMATION_FORMAT = dwarf;
				ENABLE_STRICT_OBJC_MSGSEND = YES;
				ENABLE_TESTABILITY = YES;
				GCC_C_LANGUAGE_STANDARD = gnu11;
				GCC_DYNAMIC_NO_PIC = NO;
				GCC_NO_COMMON_BLOCKS = YES;
				GCC_OPTIMIZATION_LEVEL = 0;
				GCC_PREPROCESSOR_DEFINITIONS = (
					"DEBUG=1",
					"$(inherited)",
				);
				GCC_WARN_64_TO_32_BIT_CONVERSION = YES;
				GCC_WARN_ABOUT_RETURN_TYPE = YES_ERROR;
				GCC_WARN_UNDECLARED_SELECTOR = YES;
				GCC_WARN_UNINITIALIZED_AUTOS = YES_AGGRESSIVE;
				GCC_WARN_UNUSED_FUNCTION = YES;
				GCC_WARN_UNUSED_VARIABLE = YES;
				IPHONEOS_DEPLOYMENT_TARGET = 11.0;
				MTL_ENABLE_DEBUG_INFO = YES;
				ONLY_ACTIVE_ARCH = YES;
				SDKROOT = iphoneos;
				SWIFT_ACTIVE_COMPILATION_CONDITIONS = DEBUG;
				SWIFT_OPTIMIZATION_LEVEL = "-Onone";
			};
			name = Debug;
		};
		D086F97720496E6800D5490E /* Release */ = {
			isa = XCBuildConfiguration;
			buildSettings = {
				ALWAYS_SEARCH_USER_PATHS = NO;
				CLANG_ANALYZER_NONNULL = YES;
				CLANG_ANALYZER_NUMBER_OBJECT_CONVERSION = YES_AGGRESSIVE;
				CLANG_CXX_LANGUAGE_STANDARD = "gnu++14";
				CLANG_CXX_LIBRARY = "libc++";
				CLANG_ENABLE_MODULES = YES;
				CLANG_ENABLE_OBJC_ARC = YES;
				CLANG_WARN_BLOCK_CAPTURE_AUTORELEASING = YES;
				CLANG_WARN_BOOL_CONVERSION = YES;
				CLANG_WARN_COMMA = YES;
				CLANG_WARN_CONSTANT_CONVERSION = YES;
				CLANG_WARN_DIRECT_OBJC_ISA_USAGE = YES_ERROR;
				CLANG_WARN_DOCUMENTATION_COMMENTS = YES;
				CLANG_WARN_EMPTY_BODY = YES;
				CLANG_WARN_ENUM_CONVERSION = YES;
				CLANG_WARN_INFINITE_RECURSION = YES;
				CLANG_WARN_INT_CONVERSION = YES;
				CLANG_WARN_NON_LITERAL_NULL_CONVERSION = YES;
				CLANG_WARN_OBJC_LITERAL_CONVERSION = YES;
				CLANG_WARN_OBJC_ROOT_CLASS = YES_ERROR;
				CLANG_WARN_RANGE_LOOP_ANALYSIS = YES;
				CLANG_WARN_STRICT_PROTOTYPES = YES;
				CLANG_WARN_SUSPICIOUS_MOVE = YES;
				CLANG_WARN_UNGUARDED_AVAILABILITY = YES_AGGRESSIVE;
				CLANG_WARN_UNREACHABLE_CODE = YES;
				CLANG_WARN__DUPLICATE_METHOD_MATCH = YES;
				CODE_SIGN_IDENTITY = "iPhone Developer";
				COPY_PHASE_STRIP = NO;
				DEBUG_INFORMATION_FORMAT = "dwarf-with-dsym";
				ENABLE_NS_ASSERTIONS = NO;
				ENABLE_STRICT_OBJC_MSGSEND = YES;
				GCC_C_LANGUAGE_STANDARD = gnu11;
				GCC_NO_COMMON_BLOCKS = YES;
				GCC_WARN_64_TO_32_BIT_CONVERSION = YES;
				GCC_WARN_ABOUT_RETURN_TYPE = YES_ERROR;
				GCC_WARN_UNDECLARED_SELECTOR = YES;
				GCC_WARN_UNINITIALIZED_AUTOS = YES_AGGRESSIVE;
				GCC_WARN_UNUSED_FUNCTION = YES;
				GCC_WARN_UNUSED_VARIABLE = YES;
				IPHONEOS_DEPLOYMENT_TARGET = 11.0;
				MTL_ENABLE_DEBUG_INFO = NO;
				SDKROOT = iphoneos;
				SWIFT_OPTIMIZATION_LEVEL = "-Owholemodule";
				VALIDATE_PRODUCT = YES;
			};
			name = Release;
		};
		D086F97920496E6800D5490E /* Debug */ = {
			isa = XCBuildConfiguration;
			buildSettings = {
				ASSETCATALOG_COMPILER_APPICON_NAME = AppIcon;
				CODE_SIGN_STYLE = Automatic;
				DEVELOPMENT_TEAM = Z8WZDCKGVU;
				INFOPLIST_FILE = VisionToy/Info.plist;
				LD_RUNPATH_SEARCH_PATHS = "$(inherited) @executable_path/Frameworks";
				PRODUCT_BUNDLE_IDENTIFIER = me.pedrovasconcelos.ios.VisionToy;
				PRODUCT_NAME = "$(TARGET_NAME)";
				SWIFT_VERSION = 4.0;
				TARGETED_DEVICE_FAMILY = 1;
			};
			name = Debug;
		};
		D086F97A20496E6800D5490E /* Release */ = {
			isa = XCBuildConfiguration;
			buildSettings = {
				ASSETCATALOG_COMPILER_APPICON_NAME = AppIcon;
				CODE_SIGN_STYLE = Automatic;
				DEVELOPMENT_TEAM = Z8WZDCKGVU;
				INFOPLIST_FILE = VisionToy/Info.plist;
				LD_RUNPATH_SEARCH_PATHS = "$(inherited) @executable_path/Frameworks";
				PRODUCT_BUNDLE_IDENTIFIER = me.pedrovasconcelos.ios.VisionToy;
				PRODUCT_NAME = "$(TARGET_NAME)";
				SWIFT_VERSION = 4.0;
				TARGETED_DEVICE_FAMILY = 1;
			};
			name = Release;
		};
/* End XCBuildConfiguration section */

/* Begin XCConfigurationList section */
		D086F96120496E6800D5490E /* Build configuration list for PBXProject "VisionToy" */ = {
			isa = XCConfigurationList;
			buildConfigurations = (
				D086F97620496E6800D5490E /* Debug */,
				D086F97720496E6800D5490E /* Release */,
			);
			defaultConfigurationIsVisible = 0;
			defaultConfigurationName = Release;
		};
		D086F97820496E6800D5490E /* Build configuration list for PBXNativeTarget "VisionToy" */ = {
			isa = XCConfigurationList;
			buildConfigurations = (
				D086F97920496E6800D5490E /* Debug */,
				D086F97A20496E6800D5490E /* Release */,
			);
			defaultConfigurationIsVisible = 0;
			defaultConfigurationName = Release;
		};
/* End XCConfigurationList section */
	};
	rootObject = D086F95E20496E6800D5490E /* Project object */;
}
